{
  "version": 4,
  "terraform_version": "0.12.21",
  "serial": 21,
  "lineage": "9f027107-642c-f0f5-65c4-e1d0ebef942d",
  "outputs": {},
  "resources": [
    {
      "mode": "managed",
      "type": "ovh_domain_zone_record",
      "name": "net_name_server",
      "each": "list",
      "provider": "provider.ovh",
      "instances": [
        {
          "index_key": 0,
          "schema_version": 0,
          "attributes": {
            "fieldtype": "NS",
            "id": "5119946730",
            "subdomain": "",
            "target": "dns109.ovh.net.",
            "ttl": 0,
            "zone": "wayofthinking.net"
          },
          "private": "eyJzY2hlbWFfdmVyc2lvbiI6IjAifQ=="
        },
        {
          "index_key": 1,
          "schema_version": 0,
          "attributes": {
            "fieldtype": "NS",
            "id": "5119946735",
            "subdomain": "",
            "target": "ns109.ovh.net.",
            "ttl": 0,
            "zone": "wayofthinking.net"
          },
          "private": "eyJzY2hlbWFfdmVyc2lvbiI6IjAifQ=="
        }
      ]
    },
    {
      "mode": "managed",
      "type": "ovh_domain_zone_record",
      "name": "net_wayofthinking",
      "provider": "provider.ovh",
      "instances": [
        {
          "schema_version": 0,
          "attributes": {
            "fieldtype": "A",
            "id": "5119946739",
            "subdomain": "",
            "target": "213.186.33.5",
            "ttl": 0,
            "zone": "wayofthinking.net"
          },
          "private": "eyJzY2hlbWFfdmVyc2lvbiI6IjAifQ=="
        }
      ]
    },
    {
      "mode": "managed",
      "type": "ovh_domain_zone_record",
      "name": "net_wayofthinking_records",
      "each": "list",
      "provider": "provider.ovh",
      "instances": [
        {
          "index_key": 0,
          "schema_version": 0,
          "attributes": {
            "fieldtype": "SRV",
            "id": "5119946817",
            "subdomain": "_autodiscover._tcp",
            "target": "0 0 443 mailconfig.ovh.net.",
            "ttl": 0,
            "zone": "wayofthinking.net"
          },
          "private": "eyJzY2hlbWFfdmVyc2lvbiI6IjAifQ=="
        },
        {
          "index_key": 1,
          "schema_version": 0,
          "attributes": {
            "fieldtype": "SRV",
            "id": "5119946821",
            "subdomain": "_imaps._tcp",
            "target": "0 0 993 ssl0.ovh.net.",
            "ttl": 0,
            "zone": "wayofthinking.net"
          },
          "private": "eyJzY2hlbWFfdmVyc2lvbiI6IjAifQ=="
        },
        {
          "index_key": 2,
          "schema_version": 0,
          "attributes": {
            "fieldtype": "SRV",
            "id": "5119946824",
            "subdomain": "_submission._tcp",
            "target": "0 0 465 ssl0.ovh.net.",
            "ttl": 0,
            "zone": "wayofthinking.net"
          },
          "private": "eyJzY2hlbWFfdmVyc2lvbiI6IjAifQ=="
        },
        {
          "index_key": 3,
          "schema_version": 0,
          "attributes": {
            "fieldtype": "CNAME",
            "id": "5119946805",
            "subdomain": "autoconfig",
            "target": "mailconfig.ovh.net.",
            "ttl": 0,
            "zone": "wayofthinking.net"
          },
          "private": "eyJzY2hlbWFfdmVyc2lvbiI6IjAifQ=="
        },
        {
          "index_key": 4,
          "schema_version": 0,
          "attributes": {
            "fieldtype": "CNAME",
            "id": "5119946810",
            "subdomain": "autodiscover",
            "target": "mailconfig.ovh.net.",
            "ttl": 0,
            "zone": "wayofthinking.net"
          },
          "private": "eyJzY2hlbWFfdmVyc2lvbiI6IjAifQ=="
        },
        {
          "index_key": 5,
          "schema_version": 0,
          "attributes": {
            "fieldtype": "CNAME",
            "id": "5119946776",
            "subdomain": "ftp",
            "target": "wayofthinking.net.",
            "ttl": 0,
            "zone": "wayofthinking.net"
          },
          "private": "eyJzY2hlbWFfdmVyc2lvbiI6IjAifQ=="
        },
        {
          "index_key": 6,
          "schema_version": 0,
          "attributes": {
            "fieldtype": "CNAME",
            "id": "5119946800",
            "subdomain": "imap",
            "target": "ssl0.ovh.net.",
            "ttl": 0,
            "zone": "wayofthinking.net"
          },
          "private": "eyJzY2hlbWFfdmVyc2lvbiI6IjAifQ=="
        },
        {
          "index_key": 7,
          "schema_version": 0,
          "attributes": {
            "fieldtype": "CNAME",
            "id": "5119946782",
            "subdomain": "mail",
            "target": "ssl0.ovh.net.",
            "ttl": 0,
            "zone": "wayofthinking.net"
          },
          "private": "eyJzY2hlbWFfdmVyc2lvbiI6IjAifQ=="
        },
        {
          "index_key": 8,
          "schema_version": 0,
          "attributes": {
            "fieldtype": "CNAME",
            "id": "5119946794",
            "subdomain": "pop3",
            "target": "ssl0.ovh.net.",
            "ttl": 0,
            "zone": "wayofthinking.net"
          },
          "private": "eyJzY2hlbWFfdmVyc2lvbiI6IjAifQ=="
        },
        {
          "index_key": 9,
          "schema_version": 0,
          "attributes": {
            "fieldtype": "CNAME",
            "id": "5119946788",
            "subdomain": "smtp",
            "target": "ssl0.ovh.net.",
            "ttl": 0,
            "zone": "wayofthinking.net"
          },
          "private": "eyJzY2hlbWFfdmVyc2lvbiI6IjAifQ=="
        },
        {
          "index_key": 10,
          "schema_version": 0,
          "attributes": {
            "fieldtype": "TXT",
            "id": "5119946764",
            "subdomain": "www",
            "target": "\"3|welcome\"",
            "ttl": 0,
            "zone": "wayofthinking.net"
          },
          "private": "eyJzY2hlbWFfdmVyc2lvbiI6IjAifQ=="
        }
      ]
    },
    {
      "mode": "managed",
      "type": "ovh_domain_zone_record",
      "name": "net_wayofthinking_www",
      "provider": "provider.ovh",
      "instances": [
        {
          "schema_version": 0,
          "attributes": {
            "fieldtype": "CNAME",
            "id": "5119946751",
            "subdomain": "www",
            "target": "wayofthinking.net.",
            "ttl": 0,
            "zone": "wayofthinking.net"
          },
          "private": "eyJzY2hlbWFfdmVyc2lvbiI6IjAifQ=="
        }
      ]
    },
    {
      "mode": "managed",
      "type": "ovh_domain_zone_redirection",
      "name": "net_wayofthinking",
      "provider": "provider.ovh",
      "instances": [
        {
          "schema_version": 0,
          "attributes": {
            "description": "",
            "id": "5119946739",
            "keywords": "",
            "subdomain": "",
            "target": "www.wayofthinking.net",
            "title": "",
            "type": "visible",
            "zone": "wayofthinking.net"
          },
          "private": "eyJzY2hlbWFfdmVyc2lvbiI6IjAifQ=="
        }
      ]
    }
  ]
}
