{
  "version": 4,
  "terraform_version": "0.12.21",
  "serial": 248,
  "lineage": "9f027107-642c-f0f5-65c4-e1d0ebef942d",
  "outputs": {},
  "resources": [
    {
      "mode": "managed",
      "type": "ovh_domain_zone_record",
      "name": "be_dkim",
      "provider": "provider.ovh",
      "instances": [
        {
          "schema_version": 0,
          "attributes": {
            "fieldtype": "TXT",
            "id": "5124259359",
            "subdomain": "google._domainkey",
            "target": "v=DKIM1; k=rsa; p=MIGfMA0GCSqGSIb3DQEBAQUAA4GNADCBiQKBgQCsbmGNLcdeTBfyhkk/tcLodYqKQkg3KoGJtNEuiByI+ESg0i/QzbKTqBvwRF77RDgXE79iooFfWp/Kb/UTNgmUK7V+maqO/r+R8o/TfcK/C2sKRc6+QXXSDBXflYsKe1tpyKu/j3oGAGl8HMt1kcnunOtkMYNPF+Ic5A4PFmReJQIDAQAB",
            "ttl": 3600,
            "zone": "wayofthinking.be"
          },
          "private": "bnVsbA=="
        }
      ]
    },
    {
      "mode": "managed",
      "type": "ovh_domain_zone_record",
      "name": "be_gsuite_mail",
      "each": "list",
      "provider": "provider.ovh",
      "instances": [
        {
          "index_key": 0,
          "schema_version": 0,
          "attributes": {
            "fieldtype": "MX",
            "id": "5120463938",
            "subdomain": "",
            "target": "1 aspmx.l.google.com.",
            "ttl": 28800,
            "zone": "wayofthinking.be"
          },
          "private": "bnVsbA=="
        },
        {
          "index_key": 1,
          "schema_version": 0,
          "attributes": {
            "fieldtype": "MX",
            "id": "5120463936",
            "subdomain": "",
            "target": "3 alt1.aspmx.l.google.com.",
            "ttl": 28800,
            "zone": "wayofthinking.be"
          },
          "private": "bnVsbA=="
        },
        {
          "index_key": 2,
          "schema_version": 0,
          "attributes": {
            "fieldtype": "MX",
            "id": "5120463935",
            "subdomain": "",
            "target": "3 alt2.aspmx.l.google.com.",
            "ttl": 28800,
            "zone": "wayofthinking.be"
          },
          "private": "bnVsbA=="
        },
        {
          "index_key": 3,
          "schema_version": 0,
          "attributes": {
            "fieldtype": "MX",
            "id": "5120463937",
            "subdomain": "",
            "target": "5 aspmx2.googlemail.com.",
            "ttl": 28800,
            "zone": "wayofthinking.be"
          },
          "private": "bnVsbA=="
        },
        {
          "index_key": 4,
          "schema_version": 0,
          "attributes": {
            "fieldtype": "MX",
            "id": "5120463934",
            "subdomain": "",
            "target": "5 aspmx3.googlemail.com.",
            "ttl": 28800,
            "zone": "wayofthinking.be"
          },
          "private": "bnVsbA=="
        }
      ]
    },
    {
      "mode": "managed",
      "type": "ovh_domain_zone_record",
      "name": "be_wayofthinking",
      "provider": "provider.ovh",
      "instances": [
        {
          "schema_version": 0,
          "attributes": {
            "fieldtype": "A",
            "id": "5120627322",
            "subdomain": "",
            "target": "213.186.33.5",
            "ttl": 10800,
            "zone": "wayofthinking.be"
          },
          "private": "bnVsbA=="
        }
      ]
    },
    {
      "mode": "managed",
      "type": "ovh_domain_zone_record",
      "name": "be_wayofthinking_www",
      "provider": "provider.ovh",
      "instances": [
        {
          "schema_version": 0,
          "attributes": {
            "fieldtype": "CNAME",
            "id": "5119946743",
            "subdomain": "www",
            "target": "wayofthinking.be.",
            "ttl": 10800,
            "zone": "wayofthinking.be"
          },
          "private": "bnVsbA=="
        }
      ]
    },
    {
      "mode": "managed",
      "type": "ovh_domain_zone_record",
      "name": "eu_dkim",
      "provider": "provider.ovh",
      "instances": [
        {
          "schema_version": 0,
          "attributes": {
            "fieldtype": "TXT",
            "id": "5124259891",
            "subdomain": "google._domainkey",
            "target": "v=DKIM1; k=rsa; p=MIGfMA0GCSqGSIb3DQEBAQUAA4GNADCBiQKBgQCEu0esc/eS0zVBXpvHUQNSKM6nxRWDbOfn56BwB10ou3qwv8K81GFpGKqp3gDMRkbDuw6eRc2RTaHxKGrQreGRvGVv1RLF5TMcjVFKXOihukuRoVt4uPV8pzG5nGgBkPHZgqh1ZDHOFgFrtCVbxxBF45EyuloZu6cOEy9GnAM7fQIDAQAB",
            "ttl": 3600,
            "zone": "wayofthinking.eu"
          },
          "private": "bnVsbA=="
        }
      ]
    },
    {
      "mode": "managed",
      "type": "ovh_domain_zone_record",
      "name": "eu_gsuite_mail",
      "each": "list",
      "provider": "provider.ovh",
      "instances": [
        {
          "index_key": 0,
          "schema_version": 0,
          "attributes": {
            "fieldtype": "MX",
            "id": "5120616170",
            "subdomain": "",
            "target": "1 aspmx.l.google.com.",
            "ttl": 28800,
            "zone": "wayofthinking.eu"
          },
          "private": "bnVsbA=="
        },
        {
          "index_key": 1,
          "schema_version": 0,
          "attributes": {
            "fieldtype": "MX",
            "id": "5120616173",
            "subdomain": "",
            "target": "3 alt1.aspmx.l.google.com.",
            "ttl": 28800,
            "zone": "wayofthinking.eu"
          },
          "private": "bnVsbA=="
        },
        {
          "index_key": 2,
          "schema_version": 0,
          "attributes": {
            "fieldtype": "MX",
            "id": "5120616169",
            "subdomain": "",
            "target": "3 alt2.aspmx.l.google.com.",
            "ttl": 28800,
            "zone": "wayofthinking.eu"
          },
          "private": "bnVsbA=="
        },
        {
          "index_key": 3,
          "schema_version": 0,
          "attributes": {
            "fieldtype": "MX",
            "id": "5120616171",
            "subdomain": "",
            "target": "5 aspmx2.googlemail.com.",
            "ttl": 28800,
            "zone": "wayofthinking.eu"
          },
          "private": "bnVsbA=="
        },
        {
          "index_key": 4,
          "schema_version": 0,
          "attributes": {
            "fieldtype": "MX",
            "id": "5120616172",
            "subdomain": "",
            "target": "5 aspmx3.googlemail.com.",
            "ttl": 28800,
            "zone": "wayofthinking.eu"
          },
          "private": "bnVsbA=="
        }
      ]
    },
    {
      "mode": "managed",
      "type": "ovh_domain_zone_record",
      "name": "eu_wayofthinking",
      "provider": "provider.ovh",
      "instances": [
        {
          "schema_version": 0,
          "attributes": {
            "fieldtype": "A",
            "id": "5120839637",
            "subdomain": "",
            "target": "213.186.33.5",
            "ttl": 10800,
            "zone": "wayofthinking.eu"
          },
          "private": "bnVsbA=="
        }
      ]
    },
    {
      "mode": "managed",
      "type": "ovh_domain_zone_record",
      "name": "eu_wayofthinking_www",
      "provider": "provider.ovh",
      "instances": [
        {
          "schema_version": 0,
          "attributes": {
            "fieldtype": "CNAME",
            "id": "5119946769",
            "subdomain": "www",
            "target": "wayofthinking.eu.",
            "ttl": 10800,
            "zone": "wayofthinking.eu"
          },
          "private": "bnVsbA=="
        }
      ]
    },
    {
      "module": "module.net",
      "mode": "managed",
      "type": "ovh_domain_zone_record",
      "name": "google_site_verification",
      "provider": "provider.ovh",
      "instances": [
        {
          "schema_version": 0,
          "attributes": {
            "fieldtype": "TXT",
            "id": "5120614532",
            "subdomain": "",
            "target": "\"google-site-verification=2V4XwMeXE8SYmcHAQ30NlAUArvR8NFgotefUmO-4x2c\"",
            "ttl": 10800,
            "zone": "wayofthinking.net"
          },
          "private": "bnVsbA=="
        }
      ]
    },
    {
      "module": "module.be",
      "mode": "managed",
      "type": "ovh_domain_zone_record",
      "name": "google_site_verification",
      "provider": "provider.ovh",
      "instances": [
        {
          "schema_version": 0,
          "attributes": {
            "fieldtype": "TXT",
            "id": "5120463705",
            "subdomain": "",
            "target": "\"google-site-verification=Z85qsHhGDqO317DaUZRgMeCGH44FlJz333T_wgRjiPE\"",
            "ttl": 10800,
            "zone": "wayofthinking.be"
          },
          "private": "bnVsbA=="
        }
      ]
    },
    {
      "module": "module.eu",
      "mode": "managed",
      "type": "ovh_domain_zone_record",
      "name": "google_site_verification",
      "provider": "provider.ovh",
      "instances": [
        {
          "schema_version": 0,
          "attributes": {
            "fieldtype": "TXT",
            "id": "5120615941",
            "subdomain": "",
            "target": "\"google-site-verification=jncyCZipyOxhCFlrpp1UgSVFeqWAXBCp7Dowv8vnZ_w\"",
            "ttl": 10800,
            "zone": "wayofthinking.eu"
          },
          "private": "bnVsbA=="
        }
      ]
    },
    {
      "mode": "managed",
      "type": "ovh_domain_zone_record",
      "name": "net_dkim",
      "provider": "provider.ovh",
      "instances": [
        {
          "schema_version": 0,
          "attributes": {
            "fieldtype": "TXT",
            "id": "5124259604",
            "subdomain": "google._domainkey",
            "target": "v=DKIM1; k=rsa; p=MIGfMA0GCSqGSIb3DQEBAQUAA4GNADCBiQKBgQCobrYREvBte0muos5K/UJSErNMG0vC3KYpMIvvCP9cXtl0y6xK+2GipfKWQ3Oc0nGng9kxqI6WYyOjJ4nH6+Nc0OhfyEg2YnyBbBtBYqzdxQSoovgE2cGcpCk7X1jeXgVv60RQwNQ2C9ZlGj5v+pVW0JcPSH9s9Gtuf5y/t150cQIDAQAB",
            "ttl": 3600,
            "zone": "wayofthinking.net"
          },
          "private": "bnVsbA=="
        }
      ]
    },
    {
      "mode": "managed",
      "type": "ovh_domain_zone_record",
      "name": "net_gsuite_cname",
      "each": "list",
      "provider": "provider.ovh",
      "instances": [
        {
          "index_key": 0,
          "schema_version": 0,
          "attributes": {
            "fieldtype": "CNAME",
            "id": "5120623865",
            "subdomain": "calendar",
            "target": "ghs.googlehosted.com.",
            "ttl": 10800,
            "zone": "wayofthinking.net"
          },
          "private": "bnVsbA=="
        },
        {
          "index_key": 1,
          "schema_version": 0,
          "attributes": {
            "fieldtype": "CNAME",
            "id": "5120623870",
            "subdomain": "drive",
            "target": "ghs.googlehosted.com.",
            "ttl": 10800,
            "zone": "wayofthinking.net"
          },
          "private": "bnVsbA=="
        },
        {
          "index_key": 2,
          "schema_version": 0,
          "attributes": {
            "fieldtype": "CNAME",
            "id": "5120623866",
            "subdomain": "mail",
            "target": "ghs.googlehosted.com.",
            "ttl": 10800,
            "zone": "wayofthinking.net"
          },
          "private": "bnVsbA=="
        }
      ]
    },
    {
      "mode": "managed",
      "type": "ovh_domain_zone_record",
      "name": "net_gsuite_mail",
      "each": "list",
      "provider": "provider.ovh",
      "instances": [
        {
          "index_key": 0,
          "schema_version": 0,
          "attributes": {
            "fieldtype": "MX",
            "id": "5120614957",
            "subdomain": "",
            "target": "1 aspmx.l.google.com.",
            "ttl": 28800,
            "zone": "wayofthinking.net"
          },
          "private": "bnVsbA=="
        },
        {
          "index_key": 1,
          "schema_version": 0,
          "attributes": {
            "fieldtype": "MX",
            "id": "5120614963",
            "subdomain": "",
            "target": "3 alt1.aspmx.l.google.com.",
            "ttl": 28800,
            "zone": "wayofthinking.net"
          },
          "private": "bnVsbA=="
        },
        {
          "index_key": 2,
          "schema_version": 0,
          "attributes": {
            "fieldtype": "MX",
            "id": "5120614960",
            "subdomain": "",
            "target": "3 alt2.aspmx.l.google.com.",
            "ttl": 28800,
            "zone": "wayofthinking.net"
          },
          "private": "bnVsbA=="
        },
        {
          "index_key": 3,
          "schema_version": 0,
          "attributes": {
            "fieldtype": "MX",
            "id": "5120614962",
            "subdomain": "",
            "target": "5 aspmx2.googlemail.com.",
            "ttl": 28800,
            "zone": "wayofthinking.net"
          },
          "private": "bnVsbA=="
        },
        {
          "index_key": 4,
          "schema_version": 0,
          "attributes": {
            "fieldtype": "MX",
            "id": "5120614961",
            "subdomain": "",
            "target": "5 aspmx3.googlemail.com.",
            "ttl": 28800,
            "zone": "wayofthinking.net"
          },
          "private": "bnVsbA=="
        },
        {
          "index_key": 5,
          "schema_version": 0,
          "attributes": {
            "fieldtype": "MX",
            "id": "5120614959",
            "subdomain": "",
            "target": "5 aspmx4.googlemail.com.",
            "ttl": 28800,
            "zone": "wayofthinking.net"
          },
          "private": "bnVsbA=="
        },
        {
          "index_key": 6,
          "schema_version": 0,
          "attributes": {
            "fieldtype": "MX",
            "id": "5120614958",
            "subdomain": "",
            "target": "5 aspmx5.googlemail.com.",
            "ttl": 28800,
            "zone": "wayofthinking.net"
          },
          "private": "bnVsbA=="
        }
      ]
    },
    {
      "mode": "managed",
      "type": "ovh_domain_zone_record",
      "name": "net_wayofthinking",
      "each": "list",
      "provider": "provider.ovh",
      "instances": [
        {
          "index_key": 0,
          "schema_version": 0,
          "attributes": {
            "fieldtype": "A",
            "id": "5120622503",
            "subdomain": "",
            "target": "185.199.108.153",
            "ttl": 10800,
            "zone": "wayofthinking.net"
          },
          "private": "bnVsbA=="
        },
        {
          "index_key": 1,
          "schema_version": 0,
          "attributes": {
            "fieldtype": "A",
            "id": "5120622746",
            "subdomain": "",
            "target": "185.199.109.153",
            "ttl": 10800,
            "zone": "wayofthinking.net"
          },
          "private": "bnVsbA=="
        },
        {
          "index_key": 2,
          "schema_version": 0,
          "attributes": {
            "fieldtype": "A",
            "id": "5120622748",
            "subdomain": "",
            "target": "185.199.110.153",
            "ttl": 10800,
            "zone": "wayofthinking.net"
          },
          "private": "bnVsbA=="
        },
        {
          "index_key": 3,
          "schema_version": 0,
          "attributes": {
            "fieldtype": "A",
            "id": "5120622747",
            "subdomain": "",
            "target": "185.199.111.153",
            "ttl": 10800,
            "zone": "wayofthinking.net"
          },
          "private": "bnVsbA=="
        }
      ]
    },
    {
      "mode": "managed",
      "type": "ovh_domain_zone_record",
      "name": "net_wayofthinking_www",
      "provider": "provider.ovh",
      "instances": [
        {
          "schema_version": 0,
          "attributes": {
            "fieldtype": "CNAME",
            "id": "5119946751",
            "subdomain": "www",
            "target": "wayofthinking.github.io.",
            "ttl": 10800,
            "zone": "wayofthinking.net"
          },
          "private": "bnVsbA=="
        }
      ]
    },
    {
      "module": "module.net",
      "mode": "managed",
      "type": "ovh_domain_zone_record",
      "name": "ns",
      "each": "list",
      "provider": "provider.ovh",
      "instances": [
        {
          "index_key": 0,
          "schema_version": 0,
          "attributes": {
            "fieldtype": "NS",
            "id": "5120780730",
            "subdomain": "",
            "target": "dns109.ovh.net.",
            "ttl": 86400,
            "zone": "wayofthinking.net"
          },
          "private": "bnVsbA=="
        },
        {
          "index_key": 1,
          "schema_version": 0,
          "attributes": {
            "fieldtype": "NS",
            "id": "5120780731",
            "subdomain": "",
            "target": "ns109.ovh.net.",
            "ttl": 86400,
            "zone": "wayofthinking.net"
          },
          "private": "bnVsbA=="
        }
      ]
    },
    {
      "module": "module.be",
      "mode": "managed",
      "type": "ovh_domain_zone_record",
      "name": "ns",
      "each": "list",
      "provider": "provider.ovh",
      "instances": [
        {
          "index_key": 0,
          "schema_version": 0,
          "attributes": {
            "fieldtype": "NS",
            "id": "5119948707",
            "subdomain": "",
            "target": "dns109.ovh.net.",
            "ttl": 86400,
            "zone": "wayofthinking.be"
          },
          "private": "bnVsbA=="
        },
        {
          "index_key": 1,
          "schema_version": 0,
          "attributes": {
            "fieldtype": "NS",
            "id": "5119948708",
            "subdomain": "",
            "target": "ns109.ovh.net.",
            "ttl": 86400,
            "zone": "wayofthinking.be"
          },
          "private": "bnVsbA=="
        }
      ]
    },
    {
      "module": "module.eu",
      "mode": "managed",
      "type": "ovh_domain_zone_record",
      "name": "ns",
      "each": "list",
      "provider": "provider.ovh",
      "instances": [
        {
          "index_key": 0,
          "schema_version": 0,
          "attributes": {
            "fieldtype": "NS",
            "id": "5119952226",
            "subdomain": "",
            "target": "dns109.ovh.net.",
            "ttl": 86400,
            "zone": "wayofthinking.eu"
          },
          "private": "bnVsbA=="
        },
        {
          "index_key": 1,
          "schema_version": 0,
          "attributes": {
            "fieldtype": "NS",
            "id": "5119952227",
            "subdomain": "",
            "target": "ns109.ovh.net.",
            "ttl": 86400,
            "zone": "wayofthinking.eu"
          },
          "private": "bnVsbA=="
        }
      ]
    },
    {
      "module": "module.net",
      "mode": "managed",
      "type": "ovh_domain_zone_record",
      "name": "spf",
      "provider": "provider.ovh",
      "instances": [
        {
          "schema_version": 0,
          "attributes": {
            "fieldtype": "TXT",
            "id": "5121531230",
            "subdomain": "",
            "target": "\"v=spf1 include:_spf.google.com ~all\"",
            "ttl": 3600,
            "zone": "wayofthinking.net"
          },
          "private": "bnVsbA=="
        }
      ]
    },
    {
      "module": "module.be",
      "mode": "managed",
      "type": "ovh_domain_zone_record",
      "name": "spf",
      "provider": "provider.ovh",
      "instances": [
        {
          "schema_version": 0,
          "attributes": {
            "fieldtype": "TXT",
            "id": "5121531231",
            "subdomain": "",
            "target": "\"v=spf1 include:_spf.google.com ~all\"",
            "ttl": 3600,
            "zone": "wayofthinking.be"
          },
          "private": "bnVsbA=="
        }
      ]
    },
    {
      "module": "module.eu",
      "mode": "managed",
      "type": "ovh_domain_zone_record",
      "name": "spf",
      "provider": "provider.ovh",
      "instances": [
        {
          "schema_version": 0,
          "attributes": {
            "fieldtype": "TXT",
            "id": "5121531229",
            "subdomain": "",
            "target": "\"v=spf1 include:_spf.google.com ~all\"",
            "ttl": 3600,
            "zone": "wayofthinking.eu"
          },
          "private": "bnVsbA=="
        }
      ]
    },
    {
      "mode": "managed",
      "type": "ovh_domain_zone_redirection",
      "name": "be_wayofthinking",
      "provider": "provider.ovh",
      "instances": [
        {
          "schema_version": 0,
          "attributes": {
            "description": "",
            "id": "5120627322",
            "keywords": "",
            "subdomain": "",
            "target": "http://wayofthinking.net",
            "title": "",
            "type": "visiblePermanent",
            "zone": "wayofthinking.be"
          },
          "private": "eyJzY2hlbWFfdmVyc2lvbiI6IjAifQ=="
        }
      ]
    },
    {
      "mode": "managed",
      "type": "ovh_domain_zone_redirection",
      "name": "eu_wayofthinking",
      "provider": "provider.ovh",
      "instances": [
        {
          "schema_version": 0,
          "attributes": {
            "description": "",
            "id": "5120839637",
            "keywords": "",
            "subdomain": "",
            "target": "http://wayofthinking.net",
            "title": "",
            "type": "visiblePermanent",
            "zone": "wayofthinking.eu"
          },
          "private": "bnVsbA=="
        }
      ]
    }
  ]
}
